
Microsoft Visual Studio Solution File, Format Version 12.00
# Visual Studio Version 17
VisualStudioVersion = 17.14.36811.4 d17.14
MinimumVisualStudioVersion = 10.0.40219.1
Project("{FAE04EC0-301F-11D3-BF4B-00C04F79EFBC}") = "CreadorDeFormatos", "CreadorDeFormatos\CreadorDeFormatos.csproj", "{2EAB61CF-2A42-4086-8684-706293655DFD}"
EndProject
Global
	GlobalSection(SolutionConfigurationPlatforms) = preSolution
		Debug|Any CPU = Debug|Any CPU
		Release|Any CPU = Release|Any CPU
	EndGlobalSection
	GlobalSection(ProjectConfigurationPlatforms) = postSolution
		{2EAB61CF-2A42-4086-8684-706293655DFD}.Debug|Any CPU.ActiveCfg = Debug|Any CPU
		{2EAB61CF-2A42-4086-8684-706293655DFD}.Debug|Any CPU.Build.0 = Debug|Any CPU
		{2EAB61CF-2A42-4086-8684-706293655DFD}.Release|Any CPU.ActiveCfg = Release|Any CPU
		{2EAB61CF-2A42-4086-8684-706293655DFD}.Release|Any CPU.Build.0 = Release|Any CPU
	EndGlobalSection
	GlobalSection(SolutionProperties) = preSolution
		HideSolutionNode = FALSE
	EndGlobalSection
	GlobalSection(ExtensibilityGlobals) = postSolution
		SolutionGuid = {0A14A6C4-D13C-453A-814D-40EA12AC2A00}
	EndGlobalSection
EndGlobal
